
Microsoft Visual Studio Solution File, Format Version 12.00
# Visual Studio Version 17
VisualStudioVersion = 17.14.36414.22 d17.14
MinimumVisualStudioVersion = 10.0.40219.1
Project("{FAE04EC0-301F-11D3-BF4B-00C04F79EFBC}") = "JustTesting", "JustTesting.csproj", "{C2DDAFA9-DB16-401C-926A-59366383C74A}"
EndProject
Global
	GlobalSection(SolutionConfigurationPlatforms) = preSolution
		Debug|Any CPU = Debug|Any CPU
		Release|Any CPU = Release|Any CPU
	EndGlobalSection
	GlobalSection(ProjectConfigurationPlatforms) = postSolution
		{C2DDAFA9-DB16-401C-926A-59366383C74A}.Debug|Any CPU.ActiveCfg = Debug|Any CPU
		{C2DDAFA9-DB16-401C-926A-59366383C74A}.Debug|Any CPU.Build.0 = Debug|Any CPU
		{C2DDAFA9-DB16-401C-926A-59366383C74A}.Release|Any CPU.ActiveCfg = Release|Any CPU
		{C2DDAFA9-DB16-401C-926A-59366383C74A}.Release|Any CPU.Build.0 = Release|Any CPU
	EndGlobalSection
	GlobalSection(SolutionProperties) = preSolution
		HideSolutionNode = FALSE
	EndGlobalSection
	GlobalSection(ExtensibilityGlobals) = postSolution
		SolutionGuid = {E5D25DC3-2DD1-4F20-AB66-4CF31FB25B2C}
	EndGlobalSection
EndGlobal
